# THIS IS AN AUTOGENERATED FILE. DO NOT EDIT THIS FILE DIRECTLY.
# yarn lockfile v1


flow-bin@^0.103.0:
  version "0.103.0"
  resolved "https://registry.yarnpkg.com/flow-bin/-/flow-bin-0.103.0.tgz#7aec510d85e1c1b0f2b912bb988337d70035cb0f"
  integrity sha512-Y3yrnE5ICN1Kl/y10BwjA3JSuS+gt4jVPNyUNCZb0RqmkdssMrW8QNNysJYvhgAY/JBJH8Qv7NVUf11MiwfSlA==

flow-parser@^0.103.0:
  version "0.103.0"
  resolved "https://registry.yarnpkg.com/flow-parser/-/flow-parser-0.103.0.tgz#7afc50498e543856e090c5b5d924ae60e7c1add6"
  integrity sha512-H5UaM7mCzrssGa/HiPcr+oWBKosZTI7AlRk3jCEznBC786mdWIrTRjjGIAlRwuTVwT6SlPzV0M7kM6e3GGIQYA==

flow-remove-types@^2.103.0:
  version "2.103.0"
  resolved "https://registry.yarnpkg.com/flow-remove-types/-/flow-remove-types-2.103.0.tgz#31d7eb6258f815962ca48a330efff643cdc65c6a"
  integrity sha512-R+zMApKML358LbfOdifns8ZOFA/xKiX7JaRvPhN0nBjyl3Yot6tyltl3uNFRyzDt0hBFyHJV9mo1s4HGlRyyIA==
  dependencies:
    flow-parser "^0.103.0"
    pirates "^3.0.2"
    vlq "^0.2.1"

module-alias@^2.2.2:
  version "2.2.2"
  resolved "https://registry.yarnpkg.com/module-alias/-/module-alias-2.2.2.tgz#151cdcecc24e25739ff0aa6e51e1c5716974c0e0"
  integrity sha512-A/78XjoX2EmNvppVWEhM2oGk3x4lLxnkEA4jTbaK97QKSDjkIoOsKQlfylt/d3kKKi596Qy3NP5XrXJ6fZIC9Q==

node-modules-regexp@^1.0.0:
  version "1.0.0"
  resolved "https://registry.yarnpkg.com/node-modules-regexp/-/node-modules-regexp-1.0.0.tgz#8d9dbe28964a4ac5712e9131642107c71e90ec40"
  integrity sha1-jZ2+KJZKSsVxLpExZCEHxx6Q7EA=

pirates@^3.0.2:
  version "3.0.2"
  resolved "https://registry.yarnpkg.com/pirates/-/pirates-3.0.2.tgz#7e6f85413fd9161ab4e12b539b06010d85954bb9"
  integrity sha512-c5CgUJq6H2k6MJz72Ak1F5sN9n9wlSlJyEnwvpm9/y3WB4E3pHBDT2c6PEiS1vyJvq2bUxUAIu0EGf8Cx4Ic7Q==
  dependencies:
    node-modules-regexp "^1.0.0"

vlq@^0.2.1:
  version "0.2.3"
  resolved "https://registry.yarnpkg.com/vlq/-/vlq-0.2.3.tgz#8f3e4328cf63b1540c0d67e1b2778386f8975b26"
  integrity sha512-DRibZL6DsNhIgYQ+wNdWDL2SL3bKPlVrRiBqV5yuMm++op8W4kGFtaQfCs4KEJn0wBZcHVHJ3eoywX8983k1ow==
