# THIS IS AN AUTOGENERATED FILE. DO NOT EDIT THIS FILE DIRECTLY.
# yarn lockfile v1


flow-bin@^0.103.0:
  version "0.103.0"
  resolved "https://registry.yarnpkg.com/flow-bin/-/flow-bin-0.103.0.tgz#7aec510d85e1c1b0f2b912bb988337d70035cb0f"
  integrity sha512-Y3yrnE5ICN1Kl/y10BwjA3JSuS+gt4jVPNyUNCZb0RqmkdssMrW8QNNysJYvhgAY/JBJH8Qv7NVUf11MiwfSlA==
